// !$*UTF8*$!
{
	archiveVersion = 1;
	classes = {
	};
	objectVersion = 50;
	objects = {

/* Begin PBXBuildFile section */
		2C1925FC21A9C7EA00F36E6C /* AppDelegate.swift in Sources */ = {isa = PBXBuildFile; fileRef = 2C1925FB21A9C7EA00F36E6C /* AppDelegate.swift */; };
		2C1925FE21A9C7EA00F36E6C /* ViewController.swift in Sources */ = {isa = PBXBuildFile; fileRef = 2C1925FD21A9C7EA00F36E6C /* ViewController.swift */; };
		2C19260021A9C7EB00F36E6C /* Assets.xcassets in Resources */ = {isa = PBXBuildFile; fileRef = 2C1925FF21A9C7EB00F36E6C /* Assets.xcassets */; };
		2C19260321A9C7EB00F36E6C /* Main.storyboard in Resources */ = {isa = PBXBuildFile; fileRef = 2C19260121A9C7EB00F36E6C /* Main.storyboard */; };
		2C19260C21A9C83000F36E6C /* URLExtension.swift in Sources */ = {isa = PBXBuildFile; fileRef = 2C19260B21A9C83000F36E6C /* URLExtension.swift */; };
		2C19261021AA2D6A00F36E6C /* Keybind.swift in Sources */ = {isa = PBXBuildFile; fileRef = 2C19260F21AA2D6A00F36E6C /* Keybind.swift */; };
		2C4C955F21AADDA600345D8A /* KeybindManager.swift in Sources */ = {isa = PBXBuildFile; fileRef = 2C4C955E21AADDA600345D8A /* KeybindManager.swift */; };
		2C5D8ACF21B8E257000A1463 /* AlertExtension.swift in Sources */ = {isa = PBXBuildFile; fileRef = 2C5D8ACE21B8E257000A1463 /* AlertExtension.swift */; };
		2CA152AE21AF16B800CF9498 /* AppDelegate+StatusBarItem.swift in Sources */ = {isa = PBXBuildFile; fileRef = 2CA152AD21AF16B800CF9498 /* AppDelegate+StatusBarItem.swift */; };
		2CBE414021B45D7D0051784B /* SoundExtension.swift in Sources */ = {isa = PBXBuildFile; fileRef = 2CBE413F21B45D7D0051784B /* SoundExtension.swift */; };
/* End PBXBuildFile section */

/* Begin PBXFileReference section */
		2C1925F821A9C7EA00F36E6C /* LoLKeybind.app */ = {isa = PBXFileReference; explicitFileType = wrapper.application; includeInIndex = 0; path = LoLKeybind.app; sourceTree = BUILT_PRODUCTS_DIR; };
		2C1925FB21A9C7EA00F36E6C /* AppDelegate.swift */ = {isa = PBXFileReference; lastKnownFileType = sourcecode.swift; path = AppDelegate.swift; sourceTree = "<group>"; };
		2C1925FD21A9C7EA00F36E6C /* ViewController.swift */ = {isa = PBXFileReference; lastKnownFileType = sourcecode.swift; path = ViewController.swift; sourceTree = "<group>"; };
		2C1925FF21A9C7EB00F36E6C /* Assets.xcassets */ = {isa = PBXFileReference; lastKnownFileType = folder.assetcatalog; path = Assets.xcassets; sourceTree = "<group>"; };
		2C19260221A9C7EB00F36E6C /* Base */ = {isa = PBXFileReference; lastKnownFileType = file.storyboard; name = Base; path = Base.lproj/Main.storyboard; sourceTree = "<group>"; };
		2C19260421A9C7EB00F36E6C /* Info.plist */ = {isa = PBXFileReference; lastKnownFileType = text.plist.xml; path = Info.plist; sourceTree = "<group>"; };
		2C19260521A9C7EB00F36E6C /* LoLKeybind.entitlements */ = {isa = PBXFileReference; lastKnownFileType = text.plist.entitlements; path = LoLKeybind.entitlements; sourceTree = "<group>"; };
		2C19260B21A9C83000F36E6C /* URLExtension.swift */ = {isa = PBXFileReference; lastKnownFileType = sourcecode.swift; path = URLExtension.swift; sourceTree = "<group>"; };
		2C19260F21AA2D6A00F36E6C /* Keybind.swift */ = {isa = PBXFileReference; lastKnownFileType = sourcecode.swift; path = Keybind.swift; sourceTree = "<group>"; };
		2C4C955E21AADDA600345D8A /* KeybindManager.swift */ = {isa = PBXFileReference; lastKnownFileType = sourcecode.swift; path = KeybindManager.swift; sourceTree = "<group>"; };
		2C5D8ACE21B8E257000A1463 /* AlertExtension.swift */ = {isa = PBXFileReference; lastKnownFileType = sourcecode.swift; path = AlertExtension.swift; sourceTree = "<group>"; };
		2CA152AD21AF16B800CF9498 /* AppDelegate+StatusBarItem.swift */ = {isa = PBXFileReference; lastKnownFileType = sourcecode.swift; path = "AppDelegate+StatusBarItem.swift"; sourceTree = "<group>"; };
		2CBE413F21B45D7D0051784B /* SoundExtension.swift */ = {isa = PBXFileReference; lastKnownFileType = sourcecode.swift; path = SoundExtension.swift; sourceTree = "<group>"; };
/* End PBXFileReference section */

/* Begin PBXFrameworksBuildPhase section */
		2C1925F521A9C7EA00F36E6C /* Frameworks */ = {
			isa = PBXFrameworksBuildPhase;
			buildActionMask = 2147483647;
			files = (
			);
			runOnlyForDeploymentPostprocessing = 0;
		};
/* End PBXFrameworksBuildPhase section */

/* Begin PBXGroup section */
		2C1925EF21A9C7EA00F36E6C = {
			isa = PBXGroup;
			children = (
				2C1925FA21A9C7EA00F36E6C /* LoLKeybind */,
				2C1925F921A9C7EA00F36E6C /* Products */,
			);
			sourceTree = "<group>";
		};
		2C1925F921A9C7EA00F36E6C /* Products */ = {
			isa = PBXGroup;
			children = (
				2C1925F821A9C7EA00F36E6C /* LoLKeybind.app */,
			);
			name = Products;
			sourceTree = "<group>";
		};
		2C1925FA21A9C7EA00F36E6C /* LoLKeybind */ = {
			isa = PBXGroup;
			children = (
				2CBE413E21B45A4B0051784B /* Manager */,
				2CBE413921B4520E0051784B /* Model */,
				2CBE413D21B452300051784B /* View */,
				2CBE413B21B4521C0051784B /* Controller */,
				2CBE413C21B452260051784B /* Extension */,
				2C19260121A9C7EB00F36E6C /* Main.storyboard */,
				2C19260421A9C7EB00F36E6C /* Info.plist */,
				2C19260521A9C7EB00F36E6C /* LoLKeybind.entitlements */,
				2C1925FF21A9C7EB00F36E6C /* Assets.xcassets */,
			);
			path = LoLKeybind;
			sourceTree = "<group>";
		};
		2CBE413921B4520E0051784B /* Model */ = {
			isa = PBXGroup;
			children = (
				2C19260F21AA2D6A00F36E6C /* Keybind.swift */,
			);
			path = Model;
			sourceTree = "<group>";
		};
		2CBE413B21B4521C0051784B /* Controller */ = {
			isa = PBXGroup;
			children = (
				2C1925FB21A9C7EA00F36E6C /* AppDelegate.swift */,
				2CA152AD21AF16B800CF9498 /* AppDelegate+StatusBarItem.swift */,
				2C1925FD21A9C7EA00F36E6C /* ViewController.swift */,
			);
			path = Controller;
			sourceTree = "<group>";
		};
		2CBE413C21B452260051784B /* Extension */ = {
			isa = PBXGroup;
			children = (
				2C19260B21A9C83000F36E6C /* URLExtension.swift */,
				2CBE413F21B45D7D0051784B /* SoundExtension.swift */,
				2C5D8ACE21B8E257000A1463 /* AlertExtension.swift */,
			);
			path = Extension;
			sourceTree = "<group>";
		};
		2CBE413D21B452300051784B /* View */ = {
			isa = PBXGroup;
			children = (
			);
			path = View;
			sourceTree = "<group>";
		};
		2CBE413E21B45A4B0051784B /* Manager */ = {
			isa = PBXGroup;
			children = (
				2C4C955E21AADDA600345D8A /* KeybindManager.swift */,
			);
			path = Manager;
			sourceTree = "<group>";
		};
/* End PBXGroup section */

/* Begin PBXNativeTarget section */
		2C1925F721A9C7EA00F36E6C /* LoLKeybind */ = {
			isa = PBXNativeTarget;
			buildConfigurationList = 2C19260821A9C7EB00F36E6C /* Build configuration list for PBXNativeTarget "LoLKeybind" */;
			buildPhases = (
				2C1925F421A9C7EA00F36E6C /* Sources */,
				2C1925F521A9C7EA00F36E6C /* Frameworks */,
				2C1925F621A9C7EA00F36E6C /* Resources */,
			);
			buildRules = (
			);
			dependencies = (
			);
			name = LoLKeybind;
			productName = LoLKeybind;
			productReference = 2C1925F821A9C7EA00F36E6C /* LoLKeybind.app */;
			productType = "com.apple.product-type.application";
		};
/* End PBXNativeTarget section */

/* Begin PBXProject section */
		2C1925F021A9C7EA00F36E6C /* Project object */ = {
			isa = PBXProject;
			attributes = {
				LastSwiftUpdateCheck = 1010;
				LastUpgradeCheck = 1010;
				ORGANIZATIONNAME = "Dara Beng";
				TargetAttributes = {
					2C1925F721A9C7EA00F36E6C = {
						CreatedOnToolsVersion = 10.1;
					};
				};
			};
			buildConfigurationList = 2C1925F321A9C7EA00F36E6C /* Build configuration list for PBXProject "LoLKeybind" */;
			compatibilityVersion = "Xcode 9.3";
			developmentRegion = en;
			hasScannedForEncodings = 0;
			knownRegions = (
				en,
				Base,
			);
			mainGroup = 2C1925EF21A9C7EA00F36E6C;
			productRefGroup = 2C1925F921A9C7EA00F36E6C /* Products */;
			projectDirPath = "";
			projectRoot = "";
			targets = (
				2C1925F721A9C7EA00F36E6C /* LoLKeybind */,
			);
		};
/* End PBXProject section */

/* Begin PBXResourcesBuildPhase section */
		2C1925F621A9C7EA00F36E6C /* Resources */ = {
			isa = PBXResourcesBuildPhase;
			buildActionMask = 2147483647;
			files = (
				2C19260021A9C7EB00F36E6C /* Assets.xcassets in Resources */,
				2C19260321A9C7EB00F36E6C /* Main.storyboard in Resources */,
			);
			runOnlyForDeploymentPostprocessing = 0;
		};
/* End PBXResourcesBuildPhase section */

/* Begin PBXSourcesBuildPhase section */
		2C1925F421A9C7EA00F36E6C /* Sources */ = {
			isa = PBXSourcesBuildPhase;
			buildActionMask = 2147483647;
			files = (
				2C19260C21A9C83000F36E6C /* URLExtension.swift in Sources */,
				2C1925FE21A9C7EA00F36E6C /* ViewController.swift in Sources */,
				2C19261021AA2D6A00F36E6C /* Keybind.swift in Sources */,
				2C4C955F21AADDA600345D8A /* KeybindManager.swift in Sources */,
				2C5D8ACF21B8E257000A1463 /* AlertExtension.swift in Sources */,
				2CA152AE21AF16B800CF9498 /* AppDelegate+StatusBarItem.swift in Sources */,
				2C1925FC21A9C7EA00F36E6C /* AppDelegate.swift in Sources */,
				2CBE414021B45D7D0051784B /* SoundExtension.swift in Sources */,
			);
			runOnlyForDeploymentPostprocessing = 0;
		};
/* End PBXSourcesBuildPhase section */

/* Begin PBXVariantGroup section */
		2C19260121A9C7EB00F36E6C /* Main.storyboard */ = {
			isa = PBXVariantGroup;
			children = (
				2C19260221A9C7EB00F36E6C /* Base */,
			);
			name = Main.storyboard;
			sourceTree = "<group>";
		};
/* End PBXVariantGroup section */

/* Begin XCBuildConfiguration section */
		2C19260621A9C7EB00F36E6C /* Debug */ = {
			isa = XCBuildConfiguration;
			buildSettings = {
				ALWAYS_SEARCH_USER_PATHS = NO;
				CLANG_ANALYZER_NONNULL = YES;
				CLANG_ANALYZER_NUMBER_OBJECT_CONVERSION = YES_AGGRESSIVE;
				CLANG_CXX_LANGUAGE_STANDARD = "gnu++14";
				CLANG_CXX_LIBRARY = "libc++";
				CLANG_ENABLE_MODULES = YES;
				CLANG_ENABLE_OBJC_ARC = YES;
				CLANG_ENABLE_OBJC_WEAK = YES;
				CLANG_WARN_BLOCK_CAPTURE_AUTORELEASING = YES;
				CLANG_WARN_BOOL_CONVERSION = YES;
				CLANG_WARN_COMMA = YES;
				CLANG_WARN_CONSTANT_CONVERSION = YES;
				CLANG_WARN_DEPRECATED_OBJC_IMPLEMENTATIONS = YES;
				CLANG_WARN_DIRECT_OBJC_ISA_USAGE = YES_ERROR;
				CLANG_WARN_DOCUMENTATION_COMMENTS = YES;
				CLANG_WARN_EMPTY_BODY = YES;
				CLANG_WARN_ENUM_CONVERSION = YES;
				CLANG_WARN_INFINITE_RECURSION = YES;
				CLANG_WARN_INT_CONVERSION = YES;
				CLANG_WARN_NON_LITERAL_NULL_CONVERSION = YES;
				CLANG_WARN_OBJC_IMPLICIT_RETAIN_SELF = YES;
				CLANG_WARN_OBJC_LITERAL_CONVERSION = YES;
				CLANG_WARN_OBJC_ROOT_CLASS = YES_ERROR;
				CLANG_WARN_RANGE_LOOP_ANALYSIS = YES;
				CLANG_WARN_STRICT_PROTOTYPES = YES;
				CLANG_WARN_SUSPICIOUS_MOVE = YES;
				CLANG_WARN_UNGUARDED_AVAILABILITY = YES_AGGRESSIVE;
				CLANG_WARN_UNREACHABLE_CODE = YES;
				CLANG_WARN__DUPLICATE_METHOD_MATCH = YES;
				CODE_SIGN_IDENTITY = "Mac Developer";
				COPY_PHASE_STRIP = NO;
				DEBUG_INFORMATION_FORMAT = dwarf;
				ENABLE_STRICT_OBJC_MSGSEND = YES;
				ENABLE_TESTABILITY = YES;
				GCC_C_LANGUAGE_STANDARD = gnu11;
				GCC_DYNAMIC_NO_PIC = NO;
				GCC_NO_COMMON_BLOCKS = YES;
				GCC_OPTIMIZATION_LEVEL = 0;
				GCC_PREPROCESSOR_DEFINITIONS = (
					"DEBUG=1",
					"$(inherited)",
				);
				GCC_WARN_64_TO_32_BIT_CONVERSION = YES;
				GCC_WARN_ABOUT_RETURN_TYPE = YES_ERROR;
				GCC_WARN_UNDECLARED_SELECTOR = YES;
				GCC_WARN_UNINITIALIZED_AUTOS = YES_AGGRESSIVE;
				GCC_WARN_UNUSED_FUNCTION = YES;
				GCC_WARN_UNUSED_VARIABLE = YES;
				MACOSX_DEPLOYMENT_TARGET = 10.13;
				MTL_ENABLE_DEBUG_INFO = INCLUDE_SOURCE;
				MTL_FAST_MATH = YES;
				ONLY_ACTIVE_ARCH = YES;
				SDKROOT = macosx;
				SWIFT_ACTIVE_COMPILATION_CONDITIONS = DEBUG;
				SWIFT_OPTIMIZATION_LEVEL = "-Onone";
			};
			name = Debug;
		};
		2C19260721A9C7EB00F36E6C /* Release */ = {
			isa = XCBuildConfiguration;
			buildSettings = {
				ALWAYS_SEARCH_USER_PATHS = NO;
				CLANG_ANALYZER_NONNULL = YES;
				CLANG_ANALYZER_NUMBER_OBJECT_CONVERSION = YES_AGGRESSIVE;
				CLANG_CXX_LANGUAGE_STANDARD = "gnu++14";
				CLANG_CXX_LIBRARY = "libc++";
				CLANG_ENABLE_MODULES = YES;
				CLANG_ENABLE_OBJC_ARC = YES;
				CLANG_ENABLE_OBJC_WEAK = YES;
				CLANG_WARN_BLOCK_CAPTURE_AUTORELEASING = YES;
				CLANG_WARN_BOOL_CONVERSION = YES;
				CLANG_WARN_COMMA = YES;
				CLANG_WARN_CONSTANT_CONVERSION = YES;
				CLANG_WARN_DEPRECATED_OBJC_IMPLEMENTATIONS = YES;
				CLANG_WARN_DIRECT_OBJC_ISA_USAGE = YES_ERROR;
				CLANG_WARN_DOCUMENTATION_COMMENTS = YES;
				CLANG_WARN_EMPTY_BODY = YES;
				CLANG_WARN_ENUM_CONVERSION = YES;
				CLANG_WARN_INFINITE_RECURSION = YES;
				CLANG_WARN_INT_CONVERSION = YES;
				CLANG_WARN_NON_LITERAL_NULL_CONVERSION = YES;
				CLANG_WARN_OBJC_IMPLICIT_RETAIN_SELF = YES;
				CLANG_WARN_OBJC_LITERAL_CONVERSION = YES;
				CLANG_WARN_OBJC_ROOT_CLASS = YES_ERROR;
				CLANG_WARN_RANGE_LOOP_ANALYSIS = YES;
				CLANG_WARN_STRICT_PROTOTYPES = YES;
				CLANG_WARN_SUSPICIOUS_MOVE = YES;
				CLANG_WARN_UNGUARDED_AVAILABILITY = YES_AGGRESSIVE;
				CLANG_WARN_UNREACHABLE_CODE = YES;
				CLANG_WARN__DUPLICATE_METHOD_MATCH = YES;
				CODE_SIGN_IDENTITY = "Mac Developer";
				COPY_PHASE_STRIP = NO;
				DEBUG_INFORMATION_FORMAT = "dwarf-with-dsym";
				ENABLE_NS_ASSERTIONS = NO;
				ENABLE_STRICT_OBJC_MSGSEND = YES;
				GCC_C_LANGUAGE_STANDARD = gnu11;
				GCC_NO_COMMON_BLOCKS = YES;
				GCC_WARN_64_TO_32_BIT_CONVERSION = YES;
				GCC_WARN_ABOUT_RETURN_TYPE = YES_ERROR;
				GCC_WARN_UNDECLARED_SELECTOR = YES;
				GCC_WARN_UNINITIALIZED_AUTOS = YES_AGGRESSIVE;
				GCC_WARN_UNUSED_FUNCTION = YES;
				GCC_WARN_UNUSED_VARIABLE = YES;
				MACOSX_DEPLOYMENT_TARGET = 10.13;
				MTL_ENABLE_DEBUG_INFO = NO;
				MTL_FAST_MATH = YES;
				SDKROOT = macosx;
				SWIFT_COMPILATION_MODE = wholemodule;
				SWIFT_OPTIMIZATION_LEVEL = "-O";
			};
			name = Release;
		};
		2C19260921A9C7EB00F36E6C /* Debug */ = {
			isa = XCBuildConfiguration;
			buildSettings = {
				ASSETCATALOG_COMPILER_APPICON_NAME = AppIcon;
				CODE_SIGN_ENTITLEMENTS = LoLKeybind/LoLKeybind.entitlements;
				CODE_SIGN_STYLE = Automatic;
				COMBINE_HIDPI_IMAGES = YES;
				DEVELOPMENT_TEAM = J58QF9TXDQ;
				INFOPLIST_FILE = LoLKeybind/Info.plist;
				LD_RUNPATH_SEARCH_PATHS = (
					"$(inherited)",
					"@executable_path/../Frameworks",
				);
				PRODUCT_BUNDLE_IDENTIFIER = com.bdaralan.LoLKeybind;
				PRODUCT_NAME = "$(TARGET_NAME)";
				SWIFT_VERSION = 4.2;
			};
			name = Debug;
		};
		2C19260A21A9C7EB00F36E6C /* Release */ = {
			isa = XCBuildConfiguration;
			buildSettings = {
				ASSETCATALOG_COMPILER_APPICON_NAME = AppIcon;
				CODE_SIGN_ENTITLEMENTS = LoLKeybind/LoLKeybind.entitlements;
				CODE_SIGN_STYLE = Automatic;
				COMBINE_HIDPI_IMAGES = YES;
				DEVELOPMENT_TEAM = J58QF9TXDQ;
				INFOPLIST_FILE = LoLKeybind/Info.plist;
				LD_RUNPATH_SEARCH_PATHS = (
					"$(inherited)",
					"@executable_path/../Frameworks",
				);
				PRODUCT_BUNDLE_IDENTIFIER = com.bdaralan.LoLKeybind;
				PRODUCT_NAME = "$(TARGET_NAME)";
				SWIFT_VERSION = 4.2;
			};
			name = Release;
		};
/* End XCBuildConfiguration section */

/* Begin XCConfigurationList section */
		2C1925F321A9C7EA00F36E6C /* Build configuration list for PBXProject "LoLKeybind" */ = {
			isa = XCConfigurationList;
			buildConfigurations = (
				2C19260621A9C7EB00F36E6C /* Debug */,
				2C19260721A9C7EB00F36E6C /* Release */,
			);
			defaultConfigurationIsVisible = 0;
			defaultConfigurationName = Release;
		};
		2C19260821A9C7EB00F36E6C /* Build configuration list for PBXNativeTarget "LoLKeybind" */ = {
			isa = XCConfigurationList;
			buildConfigurations = (
				2C19260921A9C7EB00F36E6C /* Debug */,
				2C19260A21A9C7EB00F36E6C /* Release */,
			);
			defaultConfigurationIsVisible = 0;
			defaultConfigurationName = Release;
		};
/* End XCConfigurationList section */
	};
	rootObject = 2C1925F021A9C7EA00F36E6C /* Project object */;
}
